
Microsoft Visual Studio Solution File, Format Version 12.00
# Visual Studio Version 17
VisualStudioVersion = 17.8.34511.84
MinimumVisualStudioVersion = 10.0.40219.1
Project("{FAE04EC0-301F-11D3-BF4B-00C04F79EFBC}") = "Gogos-Super-Website", "Gogos-Super-Website\Gogos-Super-Website.csproj", "{73F58A82-ED09-4592-AD5F-04E06FC5B29B}"
EndProject
Global
	GlobalSection(SolutionConfigurationPlatforms) = preSolution
		Debug|Any CPU = Debug|Any CPU
		Release|Any CPU = Release|Any CPU
	EndGlobalSection
	GlobalSection(ProjectConfigurationPlatforms) = postSolution
		{73F58A82-ED09-4592-AD5F-04E06FC5B29B}.Debug|Any CPU.ActiveCfg = Debug|Any CPU
		{73F58A82-ED09-4592-AD5F-04E06FC5B29B}.Debug|Any CPU.Build.0 = Debug|Any CPU
		{73F58A82-ED09-4592-AD5F-04E06FC5B29B}.Release|Any CPU.ActiveCfg = Release|Any CPU
		{73F58A82-ED09-4592-AD5F-04E06FC5B29B}.Release|Any CPU.Build.0 = Release|Any CPU
	EndGlobalSection
	GlobalSection(SolutionProperties) = preSolution
		HideSolutionNode = FALSE
	EndGlobalSection
	GlobalSection(ExtensibilityGlobals) = postSolution
		SolutionGuid = {2DF48F3F-8E22-449C-B34B-B2400E301481}
	EndGlobalSection
EndGlobal
